
Microsoft Visual Studio Solution File, Format Version 12.00
# Visual Studio Version 17
VisualStudioVersion = 17.3.32922.545
MinimumVisualStudioVersion = 10.0.40219.1
Project("{FAE04EC0-301F-11D3-BF4B-00C04F79EFBC}") = "WinMessageSender", "WinMessageSender.csproj", "{341A7582-D8D6-4807-99CD-743E4C691371}"
EndProject
Global
	GlobalSection(SolutionConfigurationPlatforms) = preSolution
		Debug|Any CPU = Debug|Any CPU
		Release|Any CPU = Release|Any CPU
	EndGlobalSection
	GlobalSection(ProjectConfigurationPlatforms) = postSolution
		{341A7582-D8D6-4807-99CD-743E4C691371}.Debug|Any CPU.ActiveCfg = Debug|Any CPU
		{341A7582-D8D6-4807-99CD-743E4C691371}.Debug|Any CPU.Build.0 = Debug|Any CPU
		{341A7582-D8D6-4807-99CD-743E4C691371}.Release|Any CPU.ActiveCfg = Release|Any CPU
		{341A7582-D8D6-4807-99CD-743E4C691371}.Release|Any CPU.Build.0 = Release|Any CPU
	EndGlobalSection
	GlobalSection(SolutionProperties) = preSolution
		HideSolutionNode = FALSE
	EndGlobalSection
	GlobalSection(ExtensibilityGlobals) = postSolution
		SolutionGuid = {F7DE9925-A4A7-40A5-B73A-396360D194FF}
	EndGlobalSection
EndGlobal
